// !$*UTF8*$!
{
	archiveVersion = 1;
	classes = {
	};
	objectVersion = 55;
	objects = {

/* Begin PBXBuildFile section */
		471BDCF32843FEE800982C4A /* RefeicaoDao.swift in Sources */ = {isa = PBXBuildFile; fileRef = 471BDCF22843FEE800982C4A /* RefeicaoDao.swift */; };
		471BDCF52844010700982C4A /* ItemDao.swift in Sources */ = {isa = PBXBuildFile; fileRef = 471BDCF42844010700982C4A /* ItemDao.swift */; };
		4730EC2E2835657D00B14C37 /* back.jpg in Resources */ = {isa = PBXBuildFile; fileRef = 4730EC2D2835657D00B14C37 /* back.jpg */; };
		4736610E283187F600E4E46D /* RefeicoesTableViewController.swift in Sources */ = {isa = PBXBuildFile; fileRef = 4736610D283187F600E4E46D /* RefeicoesTableViewController.swift */; };
		473661112831D4E300E4E46D /* AdicionarItensViewController.swift in Sources */ = {isa = PBXBuildFile; fileRef = 4736610F2831D4E300E4E46D /* AdicionarItensViewController.swift */; };
		473661122831D4E300E4E46D /* AdicionarItensViewController.xib in Resources */ = {isa = PBXBuildFile; fileRef = 473661102831D4E300E4E46D /* AdicionarItensViewController.xib */; };
		473A25152833EA810021A71E /* Alerta.swift in Sources */ = {isa = PBXBuildFile; fileRef = 473A25142833EA810021A71E /* Alerta.swift */; };
		47D048C828248E4D000B98D2 /* AppDelegate.swift in Sources */ = {isa = PBXBuildFile; fileRef = 47D048C728248E4D000B98D2 /* AppDelegate.swift */; };
		47D048CA28248E4D000B98D2 /* SceneDelegate.swift in Sources */ = {isa = PBXBuildFile; fileRef = 47D048C928248E4D000B98D2 /* SceneDelegate.swift */; };
		47D048CC28248E4D000B98D2 /* ViewController.swift in Sources */ = {isa = PBXBuildFile; fileRef = 47D048CB28248E4D000B98D2 /* ViewController.swift */; };
		47D048CF28248E4D000B98D2 /* Main.storyboard in Resources */ = {isa = PBXBuildFile; fileRef = 47D048CD28248E4D000B98D2 /* Main.storyboard */; };
		47D048D128248E51000B98D2 /* Assets.xcassets in Resources */ = {isa = PBXBuildFile; fileRef = 47D048D028248E51000B98D2 /* Assets.xcassets */; };
		47D048D428248E51000B98D2 /* LaunchScreen.storyboard in Resources */ = {isa = PBXBuildFile; fileRef = 47D048D228248E51000B98D2 /* LaunchScreen.storyboard */; };
		47D048DC28249E36000B98D2 /* Refeicao.swift in Sources */ = {isa = PBXBuildFile; fileRef = 47D048DB28249E36000B98D2 /* Refeicao.swift */; };
		47D048DE28249E69000B98D2 /* Item.swift in Sources */ = {isa = PBXBuildFile; fileRef = 47D048DD28249E69000B98D2 /* Item.swift */; };
/* End PBXBuildFile section */

/* Begin PBXFileReference section */
		471BDCF22843FEE800982C4A /* RefeicaoDao.swift */ = {isa = PBXFileReference; lastKnownFileType = sourcecode.swift; path = RefeicaoDao.swift; sourceTree = "<group>"; };
		471BDCF42844010700982C4A /* ItemDao.swift */ = {isa = PBXFileReference; lastKnownFileType = sourcecode.swift; path = ItemDao.swift; sourceTree = "<group>"; };
		4730EC2D2835657D00B14C37 /* back.jpg */ = {isa = PBXFileReference; lastKnownFileType = image.jpeg; name = back.jpg; path = ../../../../Downloads/back.jpg; sourceTree = "<group>"; };
		4736610D283187F600E4E46D /* RefeicoesTableViewController.swift */ = {isa = PBXFileReference; lastKnownFileType = sourcecode.swift; path = RefeicoesTableViewController.swift; sourceTree = "<group>"; };
		4736610F2831D4E300E4E46D /* AdicionarItensViewController.swift */ = {isa = PBXFileReference; lastKnownFileType = sourcecode.swift; path = AdicionarItensViewController.swift; sourceTree = "<group>"; };
		473661102831D4E300E4E46D /* AdicionarItensViewController.xib */ = {isa = PBXFileReference; lastKnownFileType = file.xib; path = AdicionarItensViewController.xib; sourceTree = "<group>"; };
		473A25142833EA810021A71E /* Alerta.swift */ = {isa = PBXFileReference; lastKnownFileType = sourcecode.swift; path = Alerta.swift; sourceTree = "<group>"; };
		47D048C428248E4D000B98D2 /* eggplant-brownie.app */ = {isa = PBXFileReference; explicitFileType = wrapper.application; includeInIndex = 0; path = "eggplant-brownie.app"; sourceTree = BUILT_PRODUCTS_DIR; };
		47D048C728248E4D000B98D2 /* AppDelegate.swift */ = {isa = PBXFileReference; lastKnownFileType = sourcecode.swift; path = AppDelegate.swift; sourceTree = "<group>"; };
		47D048C928248E4D000B98D2 /* SceneDelegate.swift */ = {isa = PBXFileReference; lastKnownFileType = sourcecode.swift; path = SceneDelegate.swift; sourceTree = "<group>"; };
		47D048CB28248E4D000B98D2 /* ViewController.swift */ = {isa = PBXFileReference; lastKnownFileType = sourcecode.swift; path = ViewController.swift; sourceTree = "<group>"; };
		47D048CE28248E4D000B98D2 /* Base */ = {isa = PBXFileReference; lastKnownFileType = file.storyboard; name = Base; path = Base.lproj/Main.storyboard; sourceTree = "<group>"; };
		47D048D028248E51000B98D2 /* Assets.xcassets */ = {isa = PBXFileReference; lastKnownFileType = folder.assetcatalog; path = Assets.xcassets; sourceTree = "<group>"; };
		47D048D328248E51000B98D2 /* Base */ = {isa = PBXFileReference; lastKnownFileType = file.storyboard; name = Base; path = Base.lproj/LaunchScreen.storyboard; sourceTree = "<group>"; };
		47D048D528248E51000B98D2 /* Info.plist */ = {isa = PBXFileReference; lastKnownFileType = text.plist.xml; path = Info.plist; sourceTree = "<group>"; };
		47D048DB28249E36000B98D2 /* Refeicao.swift */ = {isa = PBXFileReference; lastKnownFileType = sourcecode.swift; path = Refeicao.swift; sourceTree = "<group>"; };
		47D048DD28249E69000B98D2 /* Item.swift */ = {isa = PBXFileReference; lastKnownFileType = sourcecode.swift; path = Item.swift; sourceTree = "<group>"; };
/* End PBXFileReference section */

/* Begin PBXFrameworksBuildPhase section */
		47D048C128248E4D000B98D2 /* Frameworks */ = {
			isa = PBXFrameworksBuildPhase;
			buildActionMask = 2147483647;
			files = (
			);
			runOnlyForDeploymentPostprocessing = 0;
		};
/* End PBXFrameworksBuildPhase section */

/* Begin PBXGroup section */
		47D048BB28248E4D000B98D2 = {
			isa = PBXGroup;
			children = (
				47D048C628248E4D000B98D2 /* eggplant-brownie */,
				47D048C528248E4D000B98D2 /* Products */,
			);
			sourceTree = "<group>";
		};
		47D048C528248E4D000B98D2 /* Products */ = {
			isa = PBXGroup;
			children = (
				47D048C428248E4D000B98D2 /* eggplant-brownie.app */,
			);
			name = Products;
			sourceTree = "<group>";
		};
		47D048C628248E4D000B98D2 /* eggplant-brownie */ = {
			isa = PBXGroup;
			children = (
				47D048C728248E4D000B98D2 /* AppDelegate.swift */,
				47D048DF2824A029000B98D2 /* Models */,
				47D048E12824A068000B98D2 /* Views */,
				47D048E02824A046000B98D2 /* Controllers */,
				47D048C928248E4D000B98D2 /* SceneDelegate.swift */,
				47D048D028248E51000B98D2 /* Assets.xcassets */,
				4730EC2D2835657D00B14C37 /* back.jpg */,
				47D048D228248E51000B98D2 /* LaunchScreen.storyboard */,
				47D048D528248E51000B98D2 /* Info.plist */,
			);
			path = "eggplant-brownie";
			sourceTree = "<group>";
		};
		47D048DF2824A029000B98D2 /* Models */ = {
			isa = PBXGroup;
			children = (
				47D048DD28249E69000B98D2 /* Item.swift */,
				47D048DB28249E36000B98D2 /* Refeicao.swift */,
				473A25142833EA810021A71E /* Alerta.swift */,
				471BDCF22843FEE800982C4A /* RefeicaoDao.swift */,
				471BDCF42844010700982C4A /* ItemDao.swift */,
			);
			path = Models;
			sourceTree = "<group>";
		};
		47D048E02824A046000B98D2 /* Controllers */ = {
			isa = PBXGroup;
			children = (
				4736610F2831D4E300E4E46D /* AdicionarItensViewController.swift */,
				47D048CB28248E4D000B98D2 /* ViewController.swift */,
				4736610D283187F600E4E46D /* RefeicoesTableViewController.swift */,
			);
			path = Controllers;
			sourceTree = "<group>";
		};
		47D048E12824A068000B98D2 /* Views */ = {
			isa = PBXGroup;
			children = (
				473661102831D4E300E4E46D /* AdicionarItensViewController.xib */,
				47D048CD28248E4D000B98D2 /* Main.storyboard */,
			);
			path = Views;
			sourceTree = "<group>";
		};
/* End PBXGroup section */

/* Begin PBXNativeTarget section */
		47D048C328248E4D000B98D2 /* eggplant-brownie */ = {
			isa = PBXNativeTarget;
			buildConfigurationList = 47D048D828248E51000B98D2 /* Build configuration list for PBXNativeTarget "eggplant-brownie" */;
			buildPhases = (
				47D048C028248E4D000B98D2 /* Sources */,
				47D048C128248E4D000B98D2 /* Frameworks */,
				47D048C228248E4D000B98D2 /* Resources */,
			);
			buildRules = (
			);
			dependencies = (
			);
			name = "eggplant-brownie";
			productName = "eggplant-brownie";
			productReference = 47D048C428248E4D000B98D2 /* eggplant-brownie.app */;
			productType = "com.apple.product-type.application";
		};
/* End PBXNativeTarget section */

/* Begin PBXProject section */
		47D048BC28248E4D000B98D2 /* Project object */ = {
			isa = PBXProject;
			attributes = {
				BuildIndependentTargetsInParallel = 1;
				LastSwiftUpdateCheck = 1330;
				LastUpgradeCheck = 1330;
				TargetAttributes = {
					47D048C328248E4D000B98D2 = {
						CreatedOnToolsVersion = 13.3.1;
					};
				};
			};
			buildConfigurationList = 47D048BF28248E4D000B98D2 /* Build configuration list for PBXProject "eggplant-brownie" */;
			compatibilityVersion = "Xcode 13.0";
			developmentRegion = en;
			hasScannedForEncodings = 0;
			knownRegions = (
				en,
				Base,
			);
			mainGroup = 47D048BB28248E4D000B98D2;
			productRefGroup = 47D048C528248E4D000B98D2 /* Products */;
			projectDirPath = "";
			projectRoot = "";
			targets = (
				47D048C328248E4D000B98D2 /* eggplant-brownie */,
			);
		};
/* End PBXProject section */

/* Begin PBXResourcesBuildPhase section */
		47D048C228248E4D000B98D2 /* Resources */ = {
			isa = PBXResourcesBuildPhase;
			buildActionMask = 2147483647;
			files = (
				47D048D428248E51000B98D2 /* LaunchScreen.storyboard in Resources */,
				47D048D128248E51000B98D2 /* Assets.xcassets in Resources */,
				473661122831D4E300E4E46D /* AdicionarItensViewController.xib in Resources */,
				47D048CF28248E4D000B98D2 /* Main.storyboard in Resources */,
				4730EC2E2835657D00B14C37 /* back.jpg in Resources */,
			);
			runOnlyForDeploymentPostprocessing = 0;
		};
/* End PBXResourcesBuildPhase section */

/* Begin PBXSourcesBuildPhase section */
		47D048C028248E4D000B98D2 /* Sources */ = {
			isa = PBXSourcesBuildPhase;
			buildActionMask = 2147483647;
			files = (
				473A25152833EA810021A71E /* Alerta.swift in Sources */,
				47D048DE28249E69000B98D2 /* Item.swift in Sources */,
				47D048CC28248E4D000B98D2 /* ViewController.swift in Sources */,
				471BDCF32843FEE800982C4A /* RefeicaoDao.swift in Sources */,
				473661112831D4E300E4E46D /* AdicionarItensViewController.swift in Sources */,
				471BDCF52844010700982C4A /* ItemDao.swift in Sources */,
				47D048C828248E4D000B98D2 /* AppDelegate.swift in Sources */,
				47D048CA28248E4D000B98D2 /* SceneDelegate.swift in Sources */,
				47D048DC28249E36000B98D2 /* Refeicao.swift in Sources */,
				4736610E283187F600E4E46D /* RefeicoesTableViewController.swift in Sources */,
			);
			runOnlyForDeploymentPostprocessing = 0;
		};
/* End PBXSourcesBuildPhase section */

/* Begin PBXVariantGroup section */
		47D048CD28248E4D000B98D2 /* Main.storyboard */ = {
			isa = PBXVariantGroup;
			children = (
				47D048CE28248E4D000B98D2 /* Base */,
			);
			name = Main.storyboard;
			sourceTree = "<group>";
		};
		47D048D228248E51000B98D2 /* LaunchScreen.storyboard */ = {
			isa = PBXVariantGroup;
			children = (
				47D048D328248E51000B98D2 /* Base */,
			);
			name = LaunchScreen.storyboard;
			sourceTree = "<group>";
		};
/* End PBXVariantGroup section */

/* Begin XCBuildConfiguration section */
		47D048D628248E51000B98D2 /* Debug */ = {
			isa = XCBuildConfiguration;
			buildSettings = {
				ALWAYS_SEARCH_USER_PATHS = NO;
				CLANG_ANALYZER_NONNULL = YES;
				CLANG_ANALYZER_NUMBER_OBJECT_CONVERSION = YES_AGGRESSIVE;
				CLANG_CXX_LANGUAGE_STANDARD = "gnu++17";
				CLANG_ENABLE_MODULES = YES;
				CLANG_ENABLE_OBJC_ARC = YES;
				CLANG_ENABLE_OBJC_WEAK = YES;
				CLANG_WARN_BLOCK_CAPTURE_AUTORELEASING = YES;
				CLANG_WARN_BOOL_CONVERSION = YES;
				CLANG_WARN_COMMA = YES;
				CLANG_WARN_CONSTANT_CONVERSION = YES;
				CLANG_WARN_DEPRECATED_OBJC_IMPLEMENTATIONS = YES;
				CLANG_WARN_DIRECT_OBJC_ISA_USAGE = YES_ERROR;
				CLANG_WARN_DOCUMENTATION_COMMENTS = YES;
				CLANG_WARN_EMPTY_BODY = YES;
				CLANG_WARN_ENUM_CONVERSION = YES;
				CLANG_WARN_INFINITE_RECURSION = YES;
				CLANG_WARN_INT_CONVERSION = YES;
				CLANG_WARN_NON_LITERAL_NULL_CONVERSION = YES;
				CLANG_WARN_OBJC_IMPLICIT_RETAIN_SELF = YES;
				CLANG_WARN_OBJC_LITERAL_CONVERSION = YES;
				CLANG_WARN_OBJC_ROOT_CLASS = YES_ERROR;
				CLANG_WARN_QUOTED_INCLUDE_IN_FRAMEWORK_HEADER = YES;
				CLANG_WARN_RANGE_LOOP_ANALYSIS = YES;
				CLANG_WARN_STRICT_PROTOTYPES = YES;
				CLANG_WARN_SUSPICIOUS_MOVE = YES;
				CLANG_WARN_UNGUARDED_AVAILABILITY = YES_AGGRESSIVE;
				CLANG_WARN_UNREACHABLE_CODE = YES;
				CLANG_WARN__DUPLICATE_METHOD_MATCH = YES;
				COPY_PHASE_STRIP = NO;
				DEBUG_INFORMATION_FORMAT = dwarf;
				ENABLE_STRICT_OBJC_MSGSEND = YES;
				ENABLE_TESTABILITY = YES;
				GCC_C_LANGUAGE_STANDARD = gnu11;
				GCC_DYNAMIC_NO_PIC = NO;
				GCC_NO_COMMON_BLOCKS = YES;
				GCC_OPTIMIZATION_LEVEL = 0;
				GCC_PREPROCESSOR_DEFINITIONS = (
					"DEBUG=1",
					"$(inherited)",
				);
				GCC_WARN_64_TO_32_BIT_CONVERSION = YES;
				GCC_WARN_ABOUT_RETURN_TYPE = YES_ERROR;
				GCC_WARN_UNDECLARED_SELECTOR = YES;
				GCC_WARN_UNINITIALIZED_AUTOS = YES_AGGRESSIVE;
				GCC_WARN_UNUSED_FUNCTION = YES;
				GCC_WARN_UNUSED_VARIABLE = YES;
				IPHONEOS_DEPLOYMENT_TARGET = 15.4;
				MTL_ENABLE_DEBUG_INFO = INCLUDE_SOURCE;
				MTL_FAST_MATH = YES;
				ONLY_ACTIVE_ARCH = YES;
				SDKROOT = iphoneos;
				SWIFT_ACTIVE_COMPILATION_CONDITIONS = DEBUG;
				SWIFT_OPTIMIZATION_LEVEL = "-Onone";
			};
			name = Debug;
		};
		47D048D728248E51000B98D2 /* Release */ = {
			isa = XCBuildConfiguration;
			buildSettings = {
				ALWAYS_SEARCH_USER_PATHS = NO;
				CLANG_ANALYZER_NONNULL = YES;
				CLANG_ANALYZER_NUMBER_OBJECT_CONVERSION = YES_AGGRESSIVE;
				CLANG_CXX_LANGUAGE_STANDARD = "gnu++17";
				CLANG_ENABLE_MODULES = YES;
				CLANG_ENABLE_OBJC_ARC = YES;
				CLANG_ENABLE_OBJC_WEAK = YES;
				CLANG_WARN_BLOCK_CAPTURE_AUTORELEASING = YES;
				CLANG_WARN_BOOL_CONVERSION = YES;
				CLANG_WARN_COMMA = YES;
				CLANG_WARN_CONSTANT_CONVERSION = YES;
				CLANG_WARN_DEPRECATED_OBJC_IMPLEMENTATIONS = YES;
				CLANG_WARN_DIRECT_OBJC_ISA_USAGE = YES_ERROR;
				CLANG_WARN_DOCUMENTATION_COMMENTS = YES;
				CLANG_WARN_EMPTY_BODY = YES;
				CLANG_WARN_ENUM_CONVERSION = YES;
				CLANG_WARN_INFINITE_RECURSION = YES;
				CLANG_WARN_INT_CONVERSION = YES;
				CLANG_WARN_NON_LITERAL_NULL_CONVERSION = YES;
				CLANG_WARN_OBJC_IMPLICIT_RETAIN_SELF = YES;
				CLANG_WARN_OBJC_LITERAL_CONVERSION = YES;
				CLANG_WARN_OBJC_ROOT_CLASS = YES_ERROR;
				CLANG_WARN_QUOTED_INCLUDE_IN_FRAMEWORK_HEADER = YES;
				CLANG_WARN_RANGE_LOOP_ANALYSIS = YES;
				CLANG_WARN_STRICT_PROTOTYPES = YES;
				CLANG_WARN_SUSPICIOUS_MOVE = YES;
				CLANG_WARN_UNGUARDED_AVAILABILITY = YES_AGGRESSIVE;
				CLANG_WARN_UNREACHABLE_CODE = YES;
				CLANG_WARN__DUPLICATE_METHOD_MATCH = YES;
				COPY_PHASE_STRIP = NO;
				DEBUG_INFORMATION_FORMAT = "dwarf-with-dsym";
				ENABLE_NS_ASSERTIONS = NO;
				ENABLE_STRICT_OBJC_MSGSEND = YES;
				GCC_C_LANGUAGE_STANDARD = gnu11;
				GCC_NO_COMMON_BLOCKS = YES;
				GCC_WARN_64_TO_32_BIT_CONVERSION = YES;
				GCC_WARN_ABOUT_RETURN_TYPE = YES_ERROR;
				GCC_WARN_UNDECLARED_SELECTOR = YES;
				GCC_WARN_UNINITIALIZED_AUTOS = YES_AGGRESSIVE;
				GCC_WARN_UNUSED_FUNCTION = YES;
				GCC_WARN_UNUSED_VARIABLE = YES;
				IPHONEOS_DEPLOYMENT_TARGET = 15.4;
				MTL_ENABLE_DEBUG_INFO = NO;
				MTL_FAST_MATH = YES;
				SDKROOT = iphoneos;
				SWIFT_COMPILATION_MODE = wholemodule;
				SWIFT_OPTIMIZATION_LEVEL = "-O";
				VALIDATE_PRODUCT = YES;
			};
			name = Release;
		};
		47D048D928248E51000B98D2 /* Debug */ = {
			isa = XCBuildConfiguration;
			buildSettings = {
				ASSETCATALOG_COMPILER_APPICON_NAME = AppIcon;
				ASSETCATALOG_COMPILER_GLOBAL_ACCENT_COLOR_NAME = AccentColor;
				CODE_SIGN_STYLE = Automatic;
				CURRENT_PROJECT_VERSION = 1;
				DEVELOPMENT_TEAM = NX523L28CL;
				GENERATE_INFOPLIST_FILE = YES;
				INFOPLIST_FILE = "eggplant-brownie/Info.plist";
				INFOPLIST_KEY_UIApplicationSupportsIndirectInputEvents = YES;
				INFOPLIST_KEY_UILaunchStoryboardName = LaunchScreen;
				INFOPLIST_KEY_UIMainStoryboardFile = Main;
				INFOPLIST_KEY_UISupportedInterfaceOrientations_iPad = "UIInterfaceOrientationPortrait UIInterfaceOrientationPortraitUpsideDown UIInterfaceOrientationLandscapeLeft UIInterfaceOrientationLandscapeRight";
				INFOPLIST_KEY_UISupportedInterfaceOrientations_iPhone = "UIInterfaceOrientationPortrait UIInterfaceOrientationLandscapeLeft UIInterfaceOrientationLandscapeRight";
				LD_RUNPATH_SEARCH_PATHS = (
					"$(inherited)",
					"@executable_path/Frameworks",
				);
				MARKETING_VERSION = 1.0;
				PRODUCT_BUNDLE_IDENTIFIER = "br.com.guerra.eggplant-brownie";
				PRODUCT_NAME = "$(TARGET_NAME)";
				SWIFT_EMIT_LOC_STRINGS = YES;
				SWIFT_VERSION = 5.0;
				TARGETED_DEVICE_FAMILY = "1,2";
			};
			name = Debug;
		};
		47D048DA28248E51000B98D2 /* Release */ = {
			isa = XCBuildConfiguration;
			buildSettings = {
				ASSETCATALOG_COMPILER_APPICON_NAME = AppIcon;
				ASSETCATALOG_COMPILER_GLOBAL_ACCENT_COLOR_NAME = AccentColor;
				CODE_SIGN_STYLE = Automatic;
				CURRENT_PROJECT_VERSION = 1;
				DEVELOPMENT_TEAM = NX523L28CL;
				GENERATE_INFOPLIST_FILE = YES;
				INFOPLIST_FILE = "eggplant-brownie/Info.plist";
				INFOPLIST_KEY_UIApplicationSupportsIndirectInputEvents = YES;
				INFOPLIST_KEY_UILaunchStoryboardName = LaunchScreen;
				INFOPLIST_KEY_UIMainStoryboardFile = Main;
				INFOPLIST_KEY_UISupportedInterfaceOrientations_iPad = "UIInterfaceOrientationPortrait UIInterfaceOrientationPortraitUpsideDown UIInterfaceOrientationLandscapeLeft UIInterfaceOrientationLandscapeRight";
				INFOPLIST_KEY_UISupportedInterfaceOrientations_iPhone = "UIInterfaceOrientationPortrait UIInterfaceOrientationLandscapeLeft UIInterfaceOrientationLandscapeRight";
				LD_RUNPATH_SEARCH_PATHS = (
					"$(inherited)",
					"@executable_path/Frameworks",
				);
				MARKETING_VERSION = 1.0;
				PRODUCT_BUNDLE_IDENTIFIER = "br.com.guerra.eggplant-brownie";
				PRODUCT_NAME = "$(TARGET_NAME)";
				SWIFT_EMIT_LOC_STRINGS = YES;
				SWIFT_VERSION = 5.0;
				TARGETED_DEVICE_FAMILY = "1,2";
			};
			name = Release;
		};
/* End XCBuildConfiguration section */

/* Begin XCConfigurationList section */
		47D048BF28248E4D000B98D2 /* Build configuration list for PBXProject "eggplant-brownie" */ = {
			isa = XCConfigurationList;
			buildConfigurations = (
				47D048D628248E51000B98D2 /* Debug */,
				47D048D728248E51000B98D2 /* Release */,
			);
			defaultConfigurationIsVisible = 0;
			defaultConfigurationName = Release;
		};
		47D048D828248E51000B98D2 /* Build configuration list for PBXNativeTarget "eggplant-brownie" */ = {
			isa = XCConfigurationList;
			buildConfigurations = (
				47D048D928248E51000B98D2 /* Debug */,
				47D048DA28248E51000B98D2 /* Release */,
			);
			defaultConfigurationIsVisible = 0;
			defaultConfigurationName = Release;
		};
/* End XCConfigurationList section */
	};
	rootObject = 47D048BC28248E4D000B98D2 /* Project object */;
}
